// !$*UTF8*$!
{
	archiveVersion = 1;
	classes = {
	};
	objectVersion = 55;
	objects = {

/* Begin PBXBuildFile section */
		63390FBF27E4A2FB006F951B /* AppDelegate.swift in Sources */ = {isa = PBXBuildFile; fileRef = 63390FBE27E4A2FB006F951B /* AppDelegate.swift */; };
		63390FC127E4A2FB006F951B /* SceneDelegate.swift in Sources */ = {isa = PBXBuildFile; fileRef = 63390FC027E4A2FB006F951B /* SceneDelegate.swift */; };
		63390FC327E4A2FB006F951B /* MainTabBarViewController.swift in Sources */ = {isa = PBXBuildFile; fileRef = 63390FC227E4A2FB006F951B /* MainTabBarViewController.swift */; };
		63390FC827E4A2FC006F951B /* Assets.xcassets in Resources */ = {isa = PBXBuildFile; fileRef = 63390FC727E4A2FC006F951B /* Assets.xcassets */; };
		63390FCB27E4A2FC006F951B /* LaunchScreen.storyboard in Resources */ = {isa = PBXBuildFile; fileRef = 63390FC927E4A2FC006F951B /* LaunchScreen.storyboard */; };
		63390FD827E4A53F006F951B /* HomeViewController.swift in Sources */ = {isa = PBXBuildFile; fileRef = 63390FD727E4A53F006F951B /* HomeViewController.swift */; };
		63390FDA27E4A547006F951B /* UserViewController.swift in Sources */ = {isa = PBXBuildFile; fileRef = 63390FD927E4A547006F951B /* UserViewController.swift */; };
		6354B11D27ECA768004C48E1 /* Channel.swift in Sources */ = {isa = PBXBuildFile; fileRef = 6354B11C27ECA768004C48E1 /* Channel.swift */; };
		6361922A27FD48E300628A66 /* MenuBar.swift in Sources */ = {isa = PBXBuildFile; fileRef = 6361922927FD48E300628A66 /* MenuBar.swift */; };
		6361922C27FD49D700628A66 /* Extension.swift in Sources */ = {isa = PBXBuildFile; fileRef = 6361922B27FD49D700628A66 /* Extension.swift */; };
		6363611227E9B4EB0009B300 /* NavigationHeaderCell.swift in Sources */ = {isa = PBXBuildFile; fileRef = 6363611127E9B4EB0009B300 /* NavigationHeaderCell.swift */; };
		6363611427E9B4FF0009B300 /* ChannelCell.swift in Sources */ = {isa = PBXBuildFile; fileRef = 6363611327E9B4FF0009B300 /* ChannelCell.swift */; };
		63F9740727FEADA600864364 /* data.json in Resources */ = {isa = PBXBuildFile; fileRef = 63F9740627FEADA600864364 /* data.json */; };
/* End PBXBuildFile section */

/* Begin PBXFileReference section */
		63390FBB27E4A2FB006F951B /* OTT.app */ = {isa = PBXFileReference; explicitFileType = wrapper.application; includeInIndex = 0; path = OTT.app; sourceTree = BUILT_PRODUCTS_DIR; };
		63390FBE27E4A2FB006F951B /* AppDelegate.swift */ = {isa = PBXFileReference; lastKnownFileType = sourcecode.swift; path = AppDelegate.swift; sourceTree = "<group>"; };
		63390FC027E4A2FB006F951B /* SceneDelegate.swift */ = {isa = PBXFileReference; lastKnownFileType = sourcecode.swift; path = SceneDelegate.swift; sourceTree = "<group>"; };
		63390FC227E4A2FB006F951B /* MainTabBarViewController.swift */ = {isa = PBXFileReference; lastKnownFileType = sourcecode.swift; path = MainTabBarViewController.swift; sourceTree = "<group>"; };
		63390FC727E4A2FC006F951B /* Assets.xcassets */ = {isa = PBXFileReference; lastKnownFileType = folder.assetcatalog; path = Assets.xcassets; sourceTree = "<group>"; };
		63390FCA27E4A2FC006F951B /* Base */ = {isa = PBXFileReference; lastKnownFileType = file.storyboard; name = Base; path = Base.lproj/LaunchScreen.storyboard; sourceTree = "<group>"; };
		63390FCC27E4A2FC006F951B /* Info.plist */ = {isa = PBXFileReference; lastKnownFileType = text.plist.xml; path = Info.plist; sourceTree = "<group>"; };
		63390FD727E4A53F006F951B /* HomeViewController.swift */ = {isa = PBXFileReference; lastKnownFileType = sourcecode.swift; path = HomeViewController.swift; sourceTree = "<group>"; };
		63390FD927E4A547006F951B /* UserViewController.swift */ = {isa = PBXFileReference; lastKnownFileType = sourcecode.swift; path = UserViewController.swift; sourceTree = "<group>"; };
		6354B11C27ECA768004C48E1 /* Channel.swift */ = {isa = PBXFileReference; lastKnownFileType = sourcecode.swift; path = Channel.swift; sourceTree = "<group>"; };
		6361922927FD48E300628A66 /* MenuBar.swift */ = {isa = PBXFileReference; lastKnownFileType = sourcecode.swift; path = MenuBar.swift; sourceTree = "<group>"; };
		6361922B27FD49D700628A66 /* Extension.swift */ = {isa = PBXFileReference; lastKnownFileType = sourcecode.swift; path = Extension.swift; sourceTree = "<group>"; };
		6363611127E9B4EB0009B300 /* NavigationHeaderCell.swift */ = {isa = PBXFileReference; lastKnownFileType = sourcecode.swift; path = NavigationHeaderCell.swift; sourceTree = "<group>"; };
		6363611327E9B4FF0009B300 /* ChannelCell.swift */ = {isa = PBXFileReference; lastKnownFileType = sourcecode.swift; path = ChannelCell.swift; sourceTree = "<group>"; };
		63F9740627FEADA600864364 /* data.json */ = {isa = PBXFileReference; fileEncoding = 4; lastKnownFileType = text.json; path = data.json; sourceTree = SOURCE_ROOT; };
/* End PBXFileReference section */

/* Begin PBXFrameworksBuildPhase section */
		63390FB827E4A2FB006F951B /* Frameworks */ = {
			isa = PBXFrameworksBuildPhase;
			buildActionMask = 2147483647;
			files = (
			);
			runOnlyForDeploymentPostprocessing = 0;
		};
/* End PBXFrameworksBuildPhase section */

/* Begin PBXGroup section */
		63390FB227E4A2FB006F951B = {
			isa = PBXGroup;
			children = (
				63390FBD27E4A2FB006F951B /* OTT */,
				63390FBC27E4A2FB006F951B /* Products */,
			);
			sourceTree = "<group>";
		};
		63390FBC27E4A2FB006F951B /* Products */ = {
			isa = PBXGroup;
			children = (
				63390FBB27E4A2FB006F951B /* OTT.app */,
			);
			name = Products;
			sourceTree = "<group>";
		};
		63390FBD27E4A2FB006F951B /* OTT */ = {
			isa = PBXGroup;
			children = (
				6361922827FD484A00628A66 /* JSON */,
				63390FD627E4A4BE006F951B /* Models */,
				63390FD527E4A4B8006F951B /* Views */,
				63390FD427E4A4A3006F951B /* Controllers */,
				6363611727E9CE590009B300 /* Extensions */,
				63390FD227E4A487006F951B /* Core */,
				63390FC727E4A2FC006F951B /* Assets.xcassets */,
				63390FC927E4A2FC006F951B /* LaunchScreen.storyboard */,
				63390FCC27E4A2FC006F951B /* Info.plist */,
			);
			path = OTT;
			sourceTree = "<group>";
		};
		63390FD227E4A487006F951B /* Core */ = {
			isa = PBXGroup;
			children = (
				63390FBE27E4A2FB006F951B /* AppDelegate.swift */,
				63390FC027E4A2FB006F951B /* SceneDelegate.swift */,
			);
			path = Core;
			sourceTree = "<group>";
		};
		63390FD427E4A4A3006F951B /* Controllers */ = {
			isa = PBXGroup;
			children = (
				63390FC227E4A2FB006F951B /* MainTabBarViewController.swift */,
				63390FD727E4A53F006F951B /* HomeViewController.swift */,
				63390FD927E4A547006F951B /* UserViewController.swift */,
			);
			path = Controllers;
			sourceTree = "<group>";
		};
		63390FD527E4A4B8006F951B /* Views */ = {
			isa = PBXGroup;
			children = (
				6363611127E9B4EB0009B300 /* NavigationHeaderCell.swift */,
				6363611327E9B4FF0009B300 /* ChannelCell.swift */,
				6361922927FD48E300628A66 /* MenuBar.swift */,
			);
			path = Views;
			sourceTree = "<group>";
		};
		63390FD627E4A4BE006F951B /* Models */ = {
			isa = PBXGroup;
			children = (
				6354B11C27ECA768004C48E1 /* Channel.swift */,
			);
			path = Models;
			sourceTree = "<group>";
		};
		6361922827FD484A00628A66 /* JSON */ = {
			isa = PBXGroup;
			children = (
				63F9740627FEADA600864364 /* data.json */,
			);
			path = JSON;
			sourceTree = "<group>";
		};
		6363611727E9CE590009B300 /* Extensions */ = {
			isa = PBXGroup;
			children = (
				6361922B27FD49D700628A66 /* Extension.swift */,
			);
			path = Extensions;
			sourceTree = "<group>";
		};
/* End PBXGroup section */

/* Begin PBXNativeTarget section */
		63390FBA27E4A2FB006F951B /* OTT */ = {
			isa = PBXNativeTarget;
			buildConfigurationList = 63390FCF27E4A2FC006F951B /* Build configuration list for PBXNativeTarget "OTT" */;
			buildPhases = (
				63390FB727E4A2FB006F951B /* Sources */,
				63390FB827E4A2FB006F951B /* Frameworks */,
				63390FB927E4A2FB006F951B /* Resources */,
			);
			buildRules = (
			);
			dependencies = (
			);
			name = OTT;
			productName = OTT;
			productReference = 63390FBB27E4A2FB006F951B /* OTT.app */;
			productType = "com.apple.product-type.application";
		};
/* End PBXNativeTarget section */

/* Begin PBXProject section */
		63390FB327E4A2FB006F951B /* Project object */ = {
			isa = PBXProject;
			attributes = {
				BuildIndependentTargetsInParallel = 1;
				LastSwiftUpdateCheck = 1310;
				LastUpgradeCheck = 1310;
				TargetAttributes = {
					63390FBA27E4A2FB006F951B = {
						CreatedOnToolsVersion = 13.1;
					};
				};
			};
			buildConfigurationList = 63390FB627E4A2FB006F951B /* Build configuration list for PBXProject "OTT" */;
			compatibilityVersion = "Xcode 13.0";
			developmentRegion = en;
			hasScannedForEncodings = 0;
			knownRegions = (
				en,
				Base,
			);
			mainGroup = 63390FB227E4A2FB006F951B;
			productRefGroup = 63390FBC27E4A2FB006F951B /* Products */;
			projectDirPath = "";
			projectRoot = "";
			targets = (
				63390FBA27E4A2FB006F951B /* OTT */,
			);
		};
/* End PBXProject section */

/* Begin PBXResourcesBuildPhase section */
		63390FB927E4A2FB006F951B /* Resources */ = {
			isa = PBXResourcesBuildPhase;
			buildActionMask = 2147483647;
			files = (
				63390FCB27E4A2FC006F951B /* LaunchScreen.storyboard in Resources */,
				63F9740727FEADA600864364 /* data.json in Resources */,
				63390FC827E4A2FC006F951B /* Assets.xcassets in Resources */,
			);
			runOnlyForDeploymentPostprocessing = 0;
		};
/* End PBXResourcesBuildPhase section */

/* Begin PBXSourcesBuildPhase section */
		63390FB727E4A2FB006F951B /* Sources */ = {
			isa = PBXSourcesBuildPhase;
			buildActionMask = 2147483647;
			files = (
				63390FC327E4A2FB006F951B /* MainTabBarViewController.swift in Sources */,
				6354B11D27ECA768004C48E1 /* Channel.swift in Sources */,
				63390FDA27E4A547006F951B /* UserViewController.swift in Sources */,
				63390FBF27E4A2FB006F951B /* AppDelegate.swift in Sources */,
				6361922A27FD48E300628A66 /* MenuBar.swift in Sources */,
				6361922C27FD49D700628A66 /* Extension.swift in Sources */,
				63390FC127E4A2FB006F951B /* SceneDelegate.swift in Sources */,
				6363611427E9B4FF0009B300 /* ChannelCell.swift in Sources */,
				63390FD827E4A53F006F951B /* HomeViewController.swift in Sources */,
				6363611227E9B4EB0009B300 /* NavigationHeaderCell.swift in Sources */,
			);
			runOnlyForDeploymentPostprocessing = 0;
		};
/* End PBXSourcesBuildPhase section */

/* Begin PBXVariantGroup section */
		63390FC927E4A2FC006F951B /* LaunchScreen.storyboard */ = {
			isa = PBXVariantGroup;
			children = (
				63390FCA27E4A2FC006F951B /* Base */,
			);
			name = LaunchScreen.storyboard;
			sourceTree = "<group>";
		};
/* End PBXVariantGroup section */

/* Begin XCBuildConfiguration section */
		63390FCD27E4A2FC006F951B /* Debug */ = {
			isa = XCBuildConfiguration;
			buildSettings = {
				ALWAYS_SEARCH_USER_PATHS = NO;
				CLANG_ANALYZER_NONNULL = YES;
				CLANG_ANALYZER_NUMBER_OBJECT_CONVERSION = YES_AGGRESSIVE;
				CLANG_CXX_LANGUAGE_STANDARD = "gnu++17";
				CLANG_CXX_LIBRARY = "libc++";
				CLANG_ENABLE_MODULES = YES;
				CLANG_ENABLE_OBJC_ARC = YES;
				CLANG_ENABLE_OBJC_WEAK = YES;
				CLANG_WARN_BLOCK_CAPTURE_AUTORELEASING = YES;
				CLANG_WARN_BOOL_CONVERSION = YES;
				CLANG_WARN_COMMA = YES;
				CLANG_WARN_CONSTANT_CONVERSION = YES;
				CLANG_WARN_DEPRECATED_OBJC_IMPLEMENTATIONS = YES;
				CLANG_WARN_DIRECT_OBJC_ISA_USAGE = YES_ERROR;
				CLANG_WARN_DOCUMENTATION_COMMENTS = YES;
				CLANG_WARN_EMPTY_BODY = YES;
				CLANG_WARN_ENUM_CONVERSION = YES;
				CLANG_WARN_INFINITE_RECURSION = YES;
				CLANG_WARN_INT_CONVERSION = YES;
				CLANG_WARN_NON_LITERAL_NULL_CONVERSION = YES;
				CLANG_WARN_OBJC_IMPLICIT_RETAIN_SELF = YES;
				CLANG_WARN_OBJC_LITERAL_CONVERSION = YES;
				CLANG_WARN_OBJC_ROOT_CLASS = YES_ERROR;
				CLANG_WARN_QUOTED_INCLUDE_IN_FRAMEWORK_HEADER = YES;
				CLANG_WARN_RANGE_LOOP_ANALYSIS = YES;
				CLANG_WARN_STRICT_PROTOTYPES = YES;
				CLANG_WARN_SUSPICIOUS_MOVE = YES;
				CLANG_WARN_UNGUARDED_AVAILABILITY = YES_AGGRESSIVE;
				CLANG_WARN_UNREACHABLE_CODE = YES;
				CLANG_WARN__DUPLICATE_METHOD_MATCH = YES;
				COPY_PHASE_STRIP = NO;
				DEBUG_INFORMATION_FORMAT = dwarf;
				ENABLE_STRICT_OBJC_MSGSEND = YES;
				ENABLE_TESTABILITY = YES;
				GCC_C_LANGUAGE_STANDARD = gnu11;
				GCC_DYNAMIC_NO_PIC = NO;
				GCC_NO_COMMON_BLOCKS = YES;
				GCC_OPTIMIZATION_LEVEL = 0;
				GCC_PREPROCESSOR_DEFINITIONS = (
					"DEBUG=1",
					"$(inherited)",
				);
				GCC_WARN_64_TO_32_BIT_CONVERSION = YES;
				GCC_WARN_ABOUT_RETURN_TYPE = YES_ERROR;
				GCC_WARN_UNDECLARED_SELECTOR = YES;
				GCC_WARN_UNINITIALIZED_AUTOS = YES_AGGRESSIVE;
				GCC_WARN_UNUSED_FUNCTION = YES;
				GCC_WARN_UNUSED_VARIABLE = YES;
				IPHONEOS_DEPLOYMENT_TARGET = 15.0;
				MTL_ENABLE_DEBUG_INFO = INCLUDE_SOURCE;
				MTL_FAST_MATH = YES;
				ONLY_ACTIVE_ARCH = YES;
				SDKROOT = iphoneos;
				SWIFT_ACTIVE_COMPILATION_CONDITIONS = DEBUG;
				SWIFT_OPTIMIZATION_LEVEL = "-Onone";
			};
			name = Debug;
		};
		63390FCE27E4A2FC006F951B /* Release */ = {
			isa = XCBuildConfiguration;
			buildSettings = {
				ALWAYS_SEARCH_USER_PATHS = NO;
				CLANG_ANALYZER_NONNULL = YES;
				CLANG_ANALYZER_NUMBER_OBJECT_CONVERSION = YES_AGGRESSIVE;
				CLANG_CXX_LANGUAGE_STANDARD = "gnu++17";
				CLANG_CXX_LIBRARY = "libc++";
				CLANG_ENABLE_MODULES = YES;
				CLANG_ENABLE_OBJC_ARC = YES;
				CLANG_ENABLE_OBJC_WEAK = YES;
				CLANG_WARN_BLOCK_CAPTURE_AUTORELEASING = YES;
				CLANG_WARN_BOOL_CONVERSION = YES;
				CLANG_WARN_COMMA = YES;
				CLANG_WARN_CONSTANT_CONVERSION = YES;
				CLANG_WARN_DEPRECATED_OBJC_IMPLEMENTATIONS = YES;
				CLANG_WARN_DIRECT_OBJC_ISA_USAGE = YES_ERROR;
				CLANG_WARN_DOCUMENTATION_COMMENTS = YES;
				CLANG_WARN_EMPTY_BODY = YES;
				CLANG_WARN_ENUM_CONVERSION = YES;
				CLANG_WARN_INFINITE_RECURSION = YES;
				CLANG_WARN_INT_CONVERSION = YES;
				CLANG_WARN_NON_LITERAL_NULL_CONVERSION = YES;
				CLANG_WARN_OBJC_IMPLICIT_RETAIN_SELF = YES;
				CLANG_WARN_OBJC_LITERAL_CONVERSION = YES;
				CLANG_WARN_OBJC_ROOT_CLASS = YES_ERROR;
				CLANG_WARN_QUOTED_INCLUDE_IN_FRAMEWORK_HEADER = YES;
				CLANG_WARN_RANGE_LOOP_ANALYSIS = YES;
				CLANG_WARN_STRICT_PROTOTYPES = YES;
				CLANG_WARN_SUSPICIOUS_MOVE = YES;
				CLANG_WARN_UNGUARDED_AVAILABILITY = YES_AGGRESSIVE;
				CLANG_WARN_UNREACHABLE_CODE = YES;
				CLANG_WARN__DUPLICATE_METHOD_MATCH = YES;
				COPY_PHASE_STRIP = NO;
				DEBUG_INFORMATION_FORMAT = "dwarf-with-dsym";
				ENABLE_NS_ASSERTIONS = NO;
				ENABLE_STRICT_OBJC_MSGSEND = YES;
				GCC_C_LANGUAGE_STANDARD = gnu11;
				GCC_NO_COMMON_BLOCKS = YES;
				GCC_WARN_64_TO_32_BIT_CONVERSION = YES;
				GCC_WARN_ABOUT_RETURN_TYPE = YES_ERROR;
				GCC_WARN_UNDECLARED_SELECTOR = YES;
				GCC_WARN_UNINITIALIZED_AUTOS = YES_AGGRESSIVE;
				GCC_WARN_UNUSED_FUNCTION = YES;
				GCC_WARN_UNUSED_VARIABLE = YES;
				IPHONEOS_DEPLOYMENT_TARGET = 15.0;
				MTL_ENABLE_DEBUG_INFO = NO;
				MTL_FAST_MATH = YES;
				SDKROOT = iphoneos;
				SWIFT_COMPILATION_MODE = wholemodule;
				SWIFT_OPTIMIZATION_LEVEL = "-O";
				VALIDATE_PRODUCT = YES;
			};
			name = Release;
		};
		63390FD027E4A2FC006F951B /* Debug */ = {
			isa = XCBuildConfiguration;
			buildSettings = {
				ASSETCATALOG_COMPILER_APPICON_NAME = AppIcon;
				ASSETCATALOG_COMPILER_GLOBAL_ACCENT_COLOR_NAME = AccentColor;
				CODE_SIGN_STYLE = Automatic;
				CURRENT_PROJECT_VERSION = 1;
				DEVELOPMENT_TEAM = WUJ5ZM42NZ;
				GENERATE_INFOPLIST_FILE = YES;
				INFOPLIST_FILE = OTT/Info.plist;
				INFOPLIST_KEY_UIApplicationSupportsIndirectInputEvents = YES;
				INFOPLIST_KEY_UILaunchStoryboardName = LaunchScreen;
				INFOPLIST_KEY_UISupportedInterfaceOrientations_iPad = "UIInterfaceOrientationPortrait UIInterfaceOrientationPortraitUpsideDown UIInterfaceOrientationLandscapeLeft UIInterfaceOrientationLandscapeRight";
				INFOPLIST_KEY_UISupportedInterfaceOrientations_iPhone = "UIInterfaceOrientationPortrait UIInterfaceOrientationLandscapeLeft UIInterfaceOrientationLandscapeRight";
				LD_RUNPATH_SEARCH_PATHS = (
					"$(inherited)",
					"@executable_path/Frameworks",
				);
				MARKETING_VERSION = 1.0;
				PRODUCT_BUNDLE_IDENTIFIER = com.alshdjv.OTT;
				PRODUCT_NAME = "$(TARGET_NAME)";
				SWIFT_EMIT_LOC_STRINGS = YES;
				SWIFT_VERSION = 5.0;
				TARGETED_DEVICE_FAMILY = "1,2";
			};
			name = Debug;
		};
		63390FD127E4A2FC006F951B /* Release */ = {
			isa = XCBuildConfiguration;
			buildSettings = {
				ASSETCATALOG_COMPILER_APPICON_NAME = AppIcon;
				ASSETCATALOG_COMPILER_GLOBAL_ACCENT_COLOR_NAME = AccentColor;
				CODE_SIGN_STYLE = Automatic;
				CURRENT_PROJECT_VERSION = 1;
				DEVELOPMENT_TEAM = WUJ5ZM42NZ;
				GENERATE_INFOPLIST_FILE = YES;
				INFOPLIST_FILE = OTT/Info.plist;
				INFOPLIST_KEY_UIApplicationSupportsIndirectInputEvents = YES;
				INFOPLIST_KEY_UILaunchStoryboardName = LaunchScreen;
				INFOPLIST_KEY_UISupportedInterfaceOrientations_iPad = "UIInterfaceOrientationPortrait UIInterfaceOrientationPortraitUpsideDown UIInterfaceOrientationLandscapeLeft UIInterfaceOrientationLandscapeRight";
				INFOPLIST_KEY_UISupportedInterfaceOrientations_iPhone = "UIInterfaceOrientationPortrait UIInterfaceOrientationLandscapeLeft UIInterfaceOrientationLandscapeRight";
				LD_RUNPATH_SEARCH_PATHS = (
					"$(inherited)",
					"@executable_path/Frameworks",
				);
				MARKETING_VERSION = 1.0;
				PRODUCT_BUNDLE_IDENTIFIER = com.alshdjv.OTT;
				PRODUCT_NAME = "$(TARGET_NAME)";
				SWIFT_EMIT_LOC_STRINGS = YES;
				SWIFT_VERSION = 5.0;
				TARGETED_DEVICE_FAMILY = "1,2";
			};
			name = Release;
		};
/* End XCBuildConfiguration section */

/* Begin XCConfigurationList section */
		63390FB627E4A2FB006F951B /* Build configuration list for PBXProject "OTT" */ = {
			isa = XCConfigurationList;
			buildConfigurations = (
				63390FCD27E4A2FC006F951B /* Debug */,
				63390FCE27E4A2FC006F951B /* Release */,
			);
			defaultConfigurationIsVisible = 0;
			defaultConfigurationName = Release;
		};
		63390FCF27E4A2FC006F951B /* Build configuration list for PBXNativeTarget "OTT" */ = {
			isa = XCConfigurationList;
			buildConfigurations = (
				63390FD027E4A2FC006F951B /* Debug */,
				63390FD127E4A2FC006F951B /* Release */,
			);
			defaultConfigurationIsVisible = 0;
			defaultConfigurationName = Release;
		};
/* End XCConfigurationList section */
	};
	rootObject = 63390FB327E4A2FB006F951B /* Project object */;
}
